# This file is generated by running "yarn install" inside your project.
# Manual changes might be lost - proceed with caution!

__metadata:
  version: 6
  cacheKey: 8

"@babel/runtime@npm:^7.12.1, @babel/runtime@npm:^7.9.2":
  version: 7.20.7
  resolution: "@babel/runtime@npm:7.20.7"
  dependencies:
    regenerator-runtime: ^0.13.11
  checksum: 4629ce5c46f06cca9cfb9b7fc00d48003335a809888e2b91ec2069a2dcfbfef738480cff32ba81e0b7c290f8918e5c22ddcf2b710001464ee84ba62c7e32a3a3
  languageName: node
  linkType: hard

"@remix-run/router@npm:1.2.1":
  version: 1.2.1
  resolution: "@remix-run/router@npm:1.2.1"
  checksum: 71c947f83e130bf006226332aca395f626ad599b6d35dfe936f6a8f139cf37278bc1b36bce38c30f6062724402358296329f31c385b11ae59b13b76a2716d701
  languageName: node
  linkType: hard

"@types/hoist-non-react-statics@npm:^3.3.1":
  version: 3.3.1
  resolution: "@types/hoist-non-react-statics@npm:3.3.1"
  dependencies:
    "@types/react": "*"
    hoist-non-react-statics: ^3.3.0
  checksum: 2c0778570d9a01d05afabc781b32163f28409bb98f7245c38d5eaf082416fdb73034003f5825eb5e21313044e8d2d9e1f3fe2831e345d3d1b1d20bcd12270719
  languageName: node
  linkType: hard

"@types/prop-types@npm:*":
  version: 15.7.5
  resolution: "@types/prop-types@npm:15.7.5"
  checksum: 5b43b8b15415e1f298243165f1d44390403bb2bd42e662bca3b5b5633fdd39c938e91b7fce3a9483699db0f7a715d08cef220c121f723a634972fdf596aec980
  languageName: node
  linkType: hard

"@types/react@npm:*":
  version: 18.0.26
  resolution: "@types/react@npm:18.0.26"
  dependencies:
    "@types/prop-types": "*"
    "@types/scheduler": "*"
    csstype: ^3.0.2
  checksum: b62f0ea3cdfa68e106391728325057ad36f1bde7ba2dfae029472c47e01e482bc77c6ba4f1dad59f3f04ee81cb597618ff7c30a33c157c0a20462b6dd6aa2d4d
  languageName: node
  linkType: hard

"@types/scheduler@npm:*":
  version: 0.16.2
  resolution: "@types/scheduler@npm:0.16.2"
  checksum: b6b4dcfeae6deba2e06a70941860fb1435730576d3689225a421280b7742318d1548b3d22c1f66ab68e414f346a9542f29240bc955b6332c5b11e561077583bc
  languageName: node
  linkType: hard

"@types/use-sync-external-store@npm:^0.0.3":
  version: 0.0.3
  resolution: "@types/use-sync-external-store@npm:0.0.3"
  checksum: 161ddb8eec5dbe7279ac971531217e9af6b99f7783213566d2b502e2e2378ea19cf5e5ea4595039d730aa79d3d35c6567d48599f69773a02ffcff1776ec2a44e
  languageName: node
  linkType: hard

"csstype@npm:^3.0.2":
  version: 3.1.1
  resolution: "csstype@npm:3.1.1"
  checksum: 1f7b4f5fdd955b7444b18ebdddf3f5c699159f13e9cf8ac9027ae4a60ae226aef9bbb14a6e12ca7dba3358b007cee6354b116e720262867c398de6c955ea451d
  languageName: node
  linkType: hard

"hoist-non-react-statics@npm:^3.3.0, hoist-non-react-statics@npm:^3.3.2":
  version: 3.3.2
  resolution: "hoist-non-react-statics@npm:3.3.2"
  dependencies:
    react-is: ^16.7.0
  checksum: b1538270429b13901ee586aa44f4cc3ecd8831c061d06cb8322e50ea17b3f5ce4d0e2e66394761e6c8e152cd8c34fb3b4b690116c6ce2bd45b18c746516cb9e8
  languageName: node
  linkType: hard

"js-tokens@npm:^3.0.0 || ^4.0.0":
  version: 4.0.0
  resolution: "js-tokens@npm:4.0.0"
  checksum: 8a95213a5a77deb6cbe94d86340e8d9ace2b93bc367790b260101d2f36a2eaf4e4e22d9fa9cf459b38af3a32fb4190e638024cf82ec95ef708680e405ea7cc78
  languageName: node
  linkType: hard

"loose-envify@npm:^1.1.0":
  version: 1.4.0
  resolution: "loose-envify@npm:1.4.0"
  dependencies:
    js-tokens: ^3.0.0 || ^4.0.0
  bin:
    loose-envify: cli.js
  checksum: 6517e24e0cad87ec9888f500c5b5947032cdfe6ef65e1c1936a0c48a524b81e65542c9c3edc91c97d5bddc806ee2a985dbc79be89215d613b1de5db6d1cfe6f4
  languageName: node
  linkType: hard

"react-dom@npm:^18.2.0":
  version: 18.2.0
  resolution: "react-dom@npm:18.2.0"
  dependencies:
    loose-envify: ^1.1.0
    scheduler: ^0.23.0
  peerDependencies:
    react: ^18.2.0
  checksum: 7d323310bea3a91be2965f9468d552f201b1c27891e45ddc2d6b8f717680c95a75ae0bc1e3f5cf41472446a2589a75aed4483aee8169287909fcd59ad149e8cc
  languageName: node
  linkType: hard

"react-icons@npm:^4.7.1":
  version: 4.7.1
  resolution: "react-icons@npm:4.7.1"
  peerDependencies:
    react: "*"
  checksum: ed3cbdc5fc0c4d7d2debf78fdc8c4c80aeacf85a506a9a3c11b1d5922de393ac0a6542012b7fb81761e9280c54d0f26827d50a92b54ec8f0c8e52364d89970b5
  languageName: node
  linkType: hard

"react-is@npm:^16.7.0":
  version: 16.13.1
  resolution: "react-is@npm:16.13.1"
  checksum: f7a19ac3496de32ca9ae12aa030f00f14a3d45374f1ceca0af707c831b2a6098ef0d6bdae51bd437b0a306d7f01d4677fcc8de7c0d331eb47ad0f46130e53c5f
  languageName: node
  linkType: hard

"react-is@npm:^18.0.0":
  version: 18.2.0
  resolution: "react-is@npm:18.2.0"
  checksum: e72d0ba81b5922759e4aff17e0252bd29988f9642ed817f56b25a3e217e13eea8a7f2322af99a06edb779da12d5d636e9fda473d620df9a3da0df2a74141d53e
  languageName: node
  linkType: hard

"react-redux@npm:^8.0.5":
  version: 8.0.5
  resolution: "react-redux@npm:8.0.5"
  dependencies:
    "@babel/runtime": ^7.12.1
    "@types/hoist-non-react-statics": ^3.3.1
    "@types/use-sync-external-store": ^0.0.3
    hoist-non-react-statics: ^3.3.2
    react-is: ^18.0.0
    use-sync-external-store: ^1.0.0
  peerDependencies:
    "@types/react": ^16.8 || ^17.0 || ^18.0
    "@types/react-dom": ^16.8 || ^17.0 || ^18.0
    react: ^16.8 || ^17.0 || ^18.0
    react-dom: ^16.8 || ^17.0 || ^18.0
    react-native: ">=0.59"
    redux: ^4
  peerDependenciesMeta:
    "@types/react":
      optional: true
    "@types/react-dom":
      optional: true
    react-dom:
      optional: true
    react-native:
      optional: true
    redux:
      optional: true
  checksum: a108f4f7ead6ac005e656d46051474a2bbdb31ede481bbbb3d8d779c1a35e1940b8655577cc5021313411864d305f67fc719aa48d6e5ed8288cf9cbe8b7042e4
  languageName: node
  linkType: hard

"react-router-dom@npm:^6.6.2":
  version: 6.6.2
  resolution: "react-router-dom@npm:6.6.2"
  dependencies:
    "@remix-run/router": 1.2.1
    react-router: 6.6.2
  peerDependencies:
    react: ">=16.8"
    react-dom: ">=16.8"
  checksum: e0ee89a2b3768d2eb406ecefedfa24b55428145359b4138f6d38b8a99b60a4f275418910f4cdb12c069ed0237711acced3787b0c7febfa6568d7ea9cd624ff3b
  languageName: node
  linkType: hard

"react-router@npm:6.6.2":
  version: 6.6.2
  resolution: "react-router@npm:6.6.2"
  dependencies:
    "@remix-run/router": 1.2.1
  peerDependencies:
    react: ">=16.8"
  checksum: 5960d774bb3a8f697a57ee2e82a3eb0a300b7186a62b27e02773c94f1682e59435bd876d6162a08cc8daf27cac72aaab66d348fcc4d8f59240a63a911cf0050b
  languageName: node
  linkType: hard

"react@npm:^18.2.0":
  version: 18.2.0
  resolution: "react@npm:18.2.0"
  dependencies:
    loose-envify: ^1.1.0
  checksum: 88e38092da8839b830cda6feef2e8505dec8ace60579e46aa5490fc3dc9bba0bd50336507dc166f43e3afc1c42939c09fe33b25fae889d6f402721dcd78fca1b
  languageName: node
  linkType: hard

"redux@npm:^4.2.0":
  version: 4.2.0
  resolution: "redux@npm:4.2.0"
  dependencies:
    "@babel/runtime": ^7.9.2
  checksum: 75f3955c89b3f18edf5411e5fb482aa2e4f41a416183e8802a6bf6472c4fc3d47675b8b321d147f8af8e0f616436ac507bf5a25f1c4d6180e797b549c7db2c1d
  languageName: node
  linkType: hard

"regenerator-runtime@npm:^0.13.11":
  version: 0.13.11
  resolution: "regenerator-runtime@npm:0.13.11"
  checksum: 27481628d22a1c4e3ff551096a683b424242a216fee44685467307f14d58020af1e19660bf2e26064de946bad7eff28950eae9f8209d55723e2d9351e632bbb4
  languageName: node
  linkType: hard

"root-workspace-0b6124@workspace:.":
  version: 0.0.0-use.local
  resolution: "root-workspace-0b6124@workspace:."
  dependencies:
    react: ^18.2.0
    react-dom: ^18.2.0
    react-icons: ^4.7.1
    react-redux: ^8.0.5
    react-router-dom: ^6.6.2
    redux: ^4.2.0
  languageName: unknown
  linkType: soft

"scheduler@npm:^0.23.0":
  version: 0.23.0
  resolution: "scheduler@npm:0.23.0"
  dependencies:
    loose-envify: ^1.1.0
  checksum: d79192eeaa12abef860c195ea45d37cbf2bbf5f66e3c4dcd16f54a7da53b17788a70d109ee3d3dde1a0fd50e6a8fc171f4300356c5aee4fc0171de526bf35f8a
  languageName: node
  linkType: hard

"use-sync-external-store@npm:^1.0.0":
  version: 1.2.0
  resolution: "use-sync-external-store@npm:1.2.0"
  peerDependencies:
    react: ^16.8.0 || ^17.0.0 || ^18.0.0
  checksum: 5c639e0f8da3521d605f59ce5be9e094ca772bd44a4ce7322b055a6f58eeed8dda3c94cabd90c7a41fb6fa852210092008afe48f7038792fd47501f33299116a
  languageName: node
  linkType: hard
